// !$*UTF8*$!
{
	archiveVersion = 1;
	classes = {
	};
	objectVersion = 46;
	objects = {

/* Begin PBXBuildFile section */
		B30A78F821FF19D400D62ACD /* CalculateTestCase.swift in Sources */ = {isa = PBXBuildFile; fileRef = B30A78F721FF19D400D62ACD /* CalculateTestCase.swift */; };
		B30A7915220236B000D62ACD /* CountOnMeUITests.swift in Sources */ = {isa = PBXBuildFile; fileRef = B30A7914220236B000D62ACD /* CountOnMeUITests.swift */; };
		B323939321FCE96F006D55A5 /* Calculate.swift in Sources */ = {isa = PBXBuildFile; fileRef = B323939221FCE96F006D55A5 /* Calculate.swift */; };
		C926DADD1D7581BB00477020 /* AppDelegate.swift in Sources */ = {isa = PBXBuildFile; fileRef = C926DADC1D7581BB00477020 /* AppDelegate.swift */; };
		C926DADF1D7581BB00477020 /* ViewController.swift in Sources */ = {isa = PBXBuildFile; fileRef = C926DADE1D7581BB00477020 /* ViewController.swift */; };
		C926DAE21D7581BB00477020 /* Main.storyboard in Resources */ = {isa = PBXBuildFile; fileRef = C926DAE01D7581BB00477020 /* Main.storyboard */; };
		C926DAE41D7581BB00477020 /* Assets.xcassets in Resources */ = {isa = PBXBuildFile; fileRef = C926DAE31D7581BB00477020 /* Assets.xcassets */; };
		C926DAE71D7581BB00477020 /* LaunchScreen.storyboard in Resources */ = {isa = PBXBuildFile; fileRef = C926DAE51D7581BB00477020 /* LaunchScreen.storyboard */; };
		C9DA150A1DF08CF100B0974D /* Default-568h@2x.png in Resources */ = {isa = PBXBuildFile; fileRef = C9DA15091DF08CF100B0974D /* Default-568h@2x.png */; };
/* End PBXBuildFile section */

/* Begin PBXContainerItemProxy section */
		B30A78F221FF198A00D62ACD /* PBXContainerItemProxy */ = {
			isa = PBXContainerItemProxy;
			containerPortal = C926DAD11D7581BB00477020 /* Project object */;
			proxyType = 1;
			remoteGlobalIDString = C926DAD81D7581BB00477020;
			remoteInfo = CountOnMe;
		};
		B30A7917220236B000D62ACD /* PBXContainerItemProxy */ = {
			isa = PBXContainerItemProxy;
			containerPortal = C926DAD11D7581BB00477020 /* Project object */;
			proxyType = 1;
			remoteGlobalIDString = C926DAD81D7581BB00477020;
			remoteInfo = CountOnMe;
		};
/* End PBXContainerItemProxy section */

/* Begin PBXFileReference section */
		B30A78ED21FF198A00D62ACD /* CountOnMeTests.xctest */ = {isa = PBXFileReference; explicitFileType = wrapper.cfbundle; includeInIndex = 0; path = CountOnMeTests.xctest; sourceTree = BUILT_PRODUCTS_DIR; };
		B30A78F121FF198A00D62ACD /* Info.plist */ = {isa = PBXFileReference; lastKnownFileType = text.plist.xml; path = Info.plist; sourceTree = "<group>"; };
		B30A78F721FF19D400D62ACD /* CalculateTestCase.swift */ = {isa = PBXFileReference; lastKnownFileType = sourcecode.swift; path = CalculateTestCase.swift; sourceTree = "<group>"; };
		B30A7912220236B000D62ACD /* CountOnMeUITests.xctest */ = {isa = PBXFileReference; explicitFileType = wrapper.cfbundle; includeInIndex = 0; path = CountOnMeUITests.xctest; sourceTree = BUILT_PRODUCTS_DIR; };
		B30A7914220236B000D62ACD /* CountOnMeUITests.swift */ = {isa = PBXFileReference; lastKnownFileType = sourcecode.swift; path = CountOnMeUITests.swift; sourceTree = "<group>"; };
		B30A7916220236B000D62ACD /* Info.plist */ = {isa = PBXFileReference; lastKnownFileType = text.plist.xml; path = Info.plist; sourceTree = "<group>"; };
		B323939221FCE96F006D55A5 /* Calculate.swift */ = {isa = PBXFileReference; lastKnownFileType = sourcecode.swift; path = Calculate.swift; sourceTree = "<group>"; };
		C926DAD91D7581BB00477020 /* CountOnMe.app */ = {isa = PBXFileReference; explicitFileType = wrapper.application; includeInIndex = 0; path = CountOnMe.app; sourceTree = BUILT_PRODUCTS_DIR; };
		C926DADC1D7581BB00477020 /* AppDelegate.swift */ = {isa = PBXFileReference; lastKnownFileType = sourcecode.swift; path = AppDelegate.swift; sourceTree = "<group>"; };
		C926DADE1D7581BB00477020 /* ViewController.swift */ = {isa = PBXFileReference; lastKnownFileType = sourcecode.swift; path = ViewController.swift; sourceTree = "<group>"; };
		C926DAE11D7581BB00477020 /* Base */ = {isa = PBXFileReference; lastKnownFileType = file.storyboard; name = Base; path = Base.lproj/Main.storyboard; sourceTree = "<group>"; };
		C926DAE31D7581BB00477020 /* Assets.xcassets */ = {isa = PBXFileReference; lastKnownFileType = folder.assetcatalog; path = Assets.xcassets; sourceTree = "<group>"; };
		C926DAE61D7581BB00477020 /* Base */ = {isa = PBXFileReference; lastKnownFileType = file.storyboard; name = Base; path = Base.lproj/LaunchScreen.storyboard; sourceTree = "<group>"; };
		C926DAE81D7581BB00477020 /* Info.plist */ = {isa = PBXFileReference; lastKnownFileType = text.plist.xml; path = Info.plist; sourceTree = "<group>"; };
		C9DA15091DF08CF100B0974D /* Default-568h@2x.png */ = {isa = PBXFileReference; lastKnownFileType = image.png; path = "Default-568h@2x.png"; sourceTree = "<group>"; };
/* End PBXFileReference section */

/* Begin PBXFrameworksBuildPhase section */
		B30A78EA21FF198A00D62ACD /* Frameworks */ = {
			isa = PBXFrameworksBuildPhase;
			buildActionMask = 2147483647;
			files = (
			);
			runOnlyForDeploymentPostprocessing = 0;
		};
		B30A790F220236B000D62ACD /* Frameworks */ = {
			isa = PBXFrameworksBuildPhase;
			buildActionMask = 2147483647;
			files = (
			);
			runOnlyForDeploymentPostprocessing = 0;
		};
		C926DAD61D7581BB00477020 /* Frameworks */ = {
			isa = PBXFrameworksBuildPhase;
			buildActionMask = 2147483647;
			files = (
			);
			runOnlyForDeploymentPostprocessing = 0;
		};
/* End PBXFrameworksBuildPhase section */

/* Begin PBXGroup section */
		B30A78EE21FF198A00D62ACD /* CountOnMeTests */ = {
			isa = PBXGroup;
			children = (
				B30A78F721FF19D400D62ACD /* CalculateTestCase.swift */,
				B30A78F121FF198A00D62ACD /* Info.plist */,
			);
			path = CountOnMeTests;
			sourceTree = "<group>";
		};
		B30A7913220236B000D62ACD /* CountOnMeUITests */ = {
			isa = PBXGroup;
			children = (
				B30A7914220236B000D62ACD /* CountOnMeUITests.swift */,
				B30A7916220236B000D62ACD /* Info.plist */,
			);
			path = CountOnMeUITests;
			sourceTree = "<group>";
		};
		B39C932A21F20E4F00F2CFB1 /* Supporting files */ = {
			isa = PBXGroup;
			children = (
				C926DADC1D7581BB00477020 /* AppDelegate.swift */,
				C926DAE31D7581BB00477020 /* Assets.xcassets */,
				C926DAE51D7581BB00477020 /* LaunchScreen.storyboard */,
				C926DAE81D7581BB00477020 /* Info.plist */,
			);
			path = "Supporting files";
			sourceTree = "<group>";
		};
		B39C932C21F20E7900F2CFB1 /* Model */ = {
			isa = PBXGroup;
			children = (
				B323939221FCE96F006D55A5 /* Calculate.swift */,
			);
			path = Model;
			sourceTree = "<group>";
		};
		B39C932D21F20E9100F2CFB1 /* View */ = {
			isa = PBXGroup;
			children = (
				C926DAE01D7581BB00477020 /* Main.storyboard */,
			);
			path = View;
			sourceTree = "<group>";
		};
		B39C932E21F20E9700F2CFB1 /* Controller */ = {
			isa = PBXGroup;
			children = (
				C926DADE1D7581BB00477020 /* ViewController.swift */,
			);
			path = Controller;
			sourceTree = "<group>";
		};
		C926DAD01D7581BB00477020 = {
			isa = PBXGroup;
			children = (
				C9DA15091DF08CF100B0974D /* Default-568h@2x.png */,
				B39C932A21F20E4F00F2CFB1 /* Supporting files */,
				B39C932C21F20E7900F2CFB1 /* Model */,
				B39C932D21F20E9100F2CFB1 /* View */,
				B39C932E21F20E9700F2CFB1 /* Controller */,
				B30A78EE21FF198A00D62ACD /* CountOnMeTests */,
				B30A7913220236B000D62ACD /* CountOnMeUITests */,
				C926DADA1D7581BB00477020 /* Products */,
			);
			sourceTree = "<group>";
		};
		C926DADA1D7581BB00477020 /* Products */ = {
			isa = PBXGroup;
			children = (
				C926DAD91D7581BB00477020 /* CountOnMe.app */,
				B30A78ED21FF198A00D62ACD /* CountOnMeTests.xctest */,
				B30A7912220236B000D62ACD /* CountOnMeUITests.xctest */,
			);
			name = Products;
			sourceTree = "<group>";
		};
/* End PBXGroup section */

/* Begin PBXNativeTarget section */
		B30A78EC21FF198A00D62ACD /* CountOnMeTests */ = {
			isa = PBXNativeTarget;
			buildConfigurationList = B30A78F421FF198A00D62ACD /* Build configuration list for PBXNativeTarget "CountOnMeTests" */;
			buildPhases = (
				B30A78E921FF198A00D62ACD /* Sources */,
				B30A78EA21FF198A00D62ACD /* Frameworks */,
				B30A78EB21FF198A00D62ACD /* Resources */,
			);
			buildRules = (
			);
			dependencies = (
				B30A78F321FF198A00D62ACD /* PBXTargetDependency */,
			);
			name = CountOnMeTests;
			productName = CountOnMeTests;
			productReference = B30A78ED21FF198A00D62ACD /* CountOnMeTests.xctest */;
			productType = "com.apple.product-type.bundle.unit-test";
		};
		B30A7911220236B000D62ACD /* CountOnMeUITests */ = {
			isa = PBXNativeTarget;
			buildConfigurationList = B30A7919220236B000D62ACD /* Build configuration list for PBXNativeTarget "CountOnMeUITests" */;
			buildPhases = (
				B30A790E220236B000D62ACD /* Sources */,
				B30A790F220236B000D62ACD /* Frameworks */,
				B30A7910220236B000D62ACD /* Resources */,
			);
			buildRules = (
			);
			dependencies = (
				B30A7918220236B000D62ACD /* PBXTargetDependency */,
			);
			name = CountOnMeUITests;
			productName = CountOnMeUITests;
			productReference = B30A7912220236B000D62ACD /* CountOnMeUITests.xctest */;
			productType = "com.apple.product-type.bundle.ui-testing";
		};
		C926DAD81D7581BB00477020 /* CountOnMe */ = {
			isa = PBXNativeTarget;
			buildConfigurationList = C926DB011D7581BB00477020 /* Build configuration list for PBXNativeTarget "CountOnMe" */;
			buildPhases = (
				C926DAD51D7581BB00477020 /* Sources */,
				C926DAD61D7581BB00477020 /* Frameworks */,
				C926DAD71D7581BB00477020 /* Resources */,
			);
			buildRules = (
			);
			dependencies = (
			);
			name = CountOnMe;
			productName = "Zozor+";
			productReference = C926DAD91D7581BB00477020 /* CountOnMe.app */;
			productType = "com.apple.product-type.application";
		};
/* End PBXNativeTarget section */

/* Begin PBXProject section */
		C926DAD11D7581BB00477020 /* Project object */ = {
			isa = PBXProject;
			attributes = {
				LastSwiftUpdateCheck = 1010;
				LastUpgradeCheck = 1010;
				ORGANIZATIONNAME = "Ambroise Collon";
				TargetAttributes = {
					B30A78EC21FF198A00D62ACD = {
						CreatedOnToolsVersion = 10.1;
						LastSwiftMigration = 1010;
						ProvisioningStyle = Automatic;
						TestTargetID = C926DAD81D7581BB00477020;
					};
					B30A7911220236B000D62ACD = {
						CreatedOnToolsVersion = 10.1;
						DevelopmentTeam = G7GBP4WKQU;
						ProvisioningStyle = Automatic;
						TestTargetID = C926DAD81D7581BB00477020;
					};
					C926DAD81D7581BB00477020 = {
						CreatedOnToolsVersion = 7.3.1;
						DevelopmentTeam = G7GBP4WKQU;
						LastSwiftMigration = 1010;
						ProvisioningStyle = Automatic;
					};
				};
			};
			buildConfigurationList = C926DAD41D7581BB00477020 /* Build configuration list for PBXProject "CountOnMe" */;
			compatibilityVersion = "Xcode 3.2";
			developmentRegion = English;
			hasScannedForEncodings = 0;
			knownRegions = (
				en,
				Base,
			);
			mainGroup = C926DAD01D7581BB00477020;
			productRefGroup = C926DADA1D7581BB00477020 /* Products */;
			projectDirPath = "";
			projectRoot = "";
			targets = (
				C926DAD81D7581BB00477020 /* CountOnMe */,
				B30A78EC21FF198A00D62ACD /* CountOnMeTests */,
				B30A7911220236B000D62ACD /* CountOnMeUITests */,
			);
		};
/* End PBXProject section */

/* Begin PBXResourcesBuildPhase section */
		B30A78EB21FF198A00D62ACD /* Resources */ = {
			isa = PBXResourcesBuildPhase;
			buildActionMask = 2147483647;
			files = (
			);
			runOnlyForDeploymentPostprocessing = 0;
		};
		B30A7910220236B000D62ACD /* Resources */ = {
			isa = PBXResourcesBuildPhase;
			buildActionMask = 2147483647;
			files = (
			);
			runOnlyForDeploymentPostprocessing = 0;
		};
		C926DAD71D7581BB00477020 /* Resources */ = {
			isa = PBXResourcesBuildPhase;
			buildActionMask = 2147483647;
			files = (
				C926DAE71D7581BB00477020 /* LaunchScreen.storyboard in Resources */,
				C9DA150A1DF08CF100B0974D /* Default-568h@2x.png in Resources */,
				C926DAE41D7581BB00477020 /* Assets.xcassets in Resources */,
				C926DAE21D7581BB00477020 /* Main.storyboard in Resources */,
			);
			runOnlyForDeploymentPostprocessing = 0;
		};
/* End PBXResourcesBuildPhase section */

/* Begin PBXSourcesBuildPhase section */
		B30A78E921FF198A00D62ACD /* Sources */ = {
			isa = PBXSourcesBuildPhase;
			buildActionMask = 2147483647;
			files = (
				B30A78F821FF19D400D62ACD /* CalculateTestCase.swift in Sources */,
			);
			runOnlyForDeploymentPostprocessing = 0;
		};
		B30A790E220236B000D62ACD /* Sources */ = {
			isa = PBXSourcesBuildPhase;
			buildActionMask = 2147483647;
			files = (
				B30A7915220236B000D62ACD /* CountOnMeUITests.swift in Sources */,
			);
			runOnlyForDeploymentPostprocessing = 0;
		};
		C926DAD51D7581BB00477020 /* Sources */ = {
			isa = PBXSourcesBuildPhase;
			buildActionMask = 2147483647;
			files = (
				B323939321FCE96F006D55A5 /* Calculate.swift in Sources */,
				C926DADF1D7581BB00477020 /* ViewController.swift in Sources */,
				C926DADD1D7581BB00477020 /* AppDelegate.swift in Sources */,
			);
			runOnlyForDeploymentPostprocessing = 0;
		};
/* End PBXSourcesBuildPhase section */

/* Begin PBXTargetDependency section */
		B30A78F321FF198A00D62ACD /* PBXTargetDependency */ = {
			isa = PBXTargetDependency;
			target = C926DAD81D7581BB00477020 /* CountOnMe */;
			targetProxy = B30A78F221FF198A00D62ACD /* PBXContainerItemProxy */;
		};
		B30A7918220236B000D62ACD /* PBXTargetDependency */ = {
			isa = PBXTargetDependency;
			target = C926DAD81D7581BB00477020 /* CountOnMe */;
			targetProxy = B30A7917220236B000D62ACD /* PBXContainerItemProxy */;
		};
/* End PBXTargetDependency section */

/* Begin PBXVariantGroup section */
		C926DAE01D7581BB00477020 /* Main.storyboard */ = {
			isa = PBXVariantGroup;
			children = (
				C926DAE11D7581BB00477020 /* Base */,
			);
			name = Main.storyboard;
			sourceTree = "<group>";
		};
		C926DAE51D7581BB00477020 /* LaunchScreen.storyboard */ = {
			isa = PBXVariantGroup;
			children = (
				C926DAE61D7581BB00477020 /* Base */,
			);
			name = LaunchScreen.storyboard;
			sourceTree = "<group>";
		};
/* End PBXVariantGroup section */

/* Begin XCBuildConfiguration section */
		B30A78F521FF198A00D62ACD /* Debug */ = {
			isa = XCBuildConfiguration;
			buildSettings = {
				BUNDLE_LOADER = "$(TEST_HOST)";
				CLANG_ANALYZER_NUMBER_OBJECT_CONVERSION = YES_AGGRESSIVE;
				CLANG_CXX_LANGUAGE_STANDARD = "gnu++14";
				CLANG_ENABLE_MODULES = YES;
				CLANG_ENABLE_OBJC_WEAK = YES;
				CLANG_WARN_BLOCK_CAPTURE_AUTORELEASING = YES;
				CLANG_WARN_COMMA = YES;
				CLANG_WARN_DEPRECATED_OBJC_IMPLEMENTATIONS = YES;
				CLANG_WARN_DOCUMENTATION_COMMENTS = YES;
				CLANG_WARN_NON_LITERAL_NULL_CONVERSION = YES;
				CLANG_WARN_OBJC_IMPLICIT_RETAIN_SELF = YES;
				CLANG_WARN_OBJC_LITERAL_CONVERSION = YES;
				CLANG_WARN_RANGE_LOOP_ANALYSIS = YES;
				CLANG_WARN_STRICT_PROTOTYPES = YES;
				CLANG_WARN_UNGUARDED_AVAILABILITY = YES_AGGRESSIVE;
				CODE_SIGN_IDENTITY = "iPhone Developer";
				CODE_SIGN_STYLE = Automatic;
				DEVELOPMENT_TEAM = "";
				GCC_C_LANGUAGE_STANDARD = gnu11;
				INFOPLIST_FILE = CountOnMeTests/Info.plist;
				IPHONEOS_DEPLOYMENT_TARGET = 12.1;
				LD_RUNPATH_SEARCH_PATHS = "$(inherited) @executable_path/Frameworks @loader_path/Frameworks";
				MTL_ENABLE_DEBUG_INFO = INCLUDE_SOURCE;
				MTL_FAST_MATH = YES;
				PRODUCT_BUNDLE_IDENTIFIER = fr.deslandesjeanbaptiste.CountOnMeTests;
				PRODUCT_NAME = "$(TARGET_NAME)";
				SWIFT_ACTIVE_COMPILATION_CONDITIONS = DEBUG;
				SWIFT_OPTIMIZATION_LEVEL = "-Onone";
				SWIFT_VERSION = 4.2;
				TARGETED_DEVICE_FAMILY = "1,2";
				TEST_HOST = "$(BUILT_PRODUCTS_DIR)/CountOnMe.app/CountOnMe";
			};
			name = Debug;
		};
		B30A78F621FF198A00D62ACD /* Release */ = {
			isa = XCBuildConfiguration;
			buildSettings = {
				BUNDLE_LOADER = "$(TEST_HOST)";
				CLANG_ANALYZER_NUMBER_OBJECT_CONVERSION = YES_AGGRESSIVE;
				CLANG_CXX_LANGUAGE_STANDARD = "gnu++14";
				CLANG_ENABLE_MODULES = YES;
				CLANG_ENABLE_OBJC_WEAK = YES;
				CLANG_WARN_BLOCK_CAPTURE_AUTORELEASING = YES;
				CLANG_WARN_COMMA = YES;
				CLANG_WARN_DEPRECATED_OBJC_IMPLEMENTATIONS = YES;
				CLANG_WARN_DOCUMENTATION_COMMENTS = YES;
				CLANG_WARN_NON_LITERAL_NULL_CONVERSION = YES;
				CLANG_WARN_OBJC_IMPLICIT_RETAIN_SELF = YES;
				CLANG_WARN_OBJC_LITERAL_CONVERSION = YES;
				CLANG_WARN_RANGE_LOOP_ANALYSIS = YES;
				CLANG_WARN_STRICT_PROTOTYPES = YES;
				CLANG_WARN_UNGUARDED_AVAILABILITY = YES_AGGRESSIVE;
				CODE_SIGN_IDENTITY = "iPhone Developer";
				CODE_SIGN_STYLE = Automatic;
				DEVELOPMENT_TEAM = "";
				GCC_C_LANGUAGE_STANDARD = gnu11;
				INFOPLIST_FILE = CountOnMeTests/Info.plist;
				IPHONEOS_DEPLOYMENT_TARGET = 12.1;
				LD_RUNPATH_SEARCH_PATHS = "$(inherited) @executable_path/Frameworks @loader_path/Frameworks";
				MTL_FAST_MATH = YES;
				PRODUCT_BUNDLE_IDENTIFIER = fr.deslandesjeanbaptiste.CountOnMeTests;
				PRODUCT_NAME = "$(TARGET_NAME)";
				SWIFT_VERSION = 4.2;
				TARGETED_DEVICE_FAMILY = "1,2";
				TEST_HOST = "$(BUILT_PRODUCTS_DIR)/CountOnMe.app/CountOnMe";
			};
			name = Release;
		};
		B30A791A220236B000D62ACD /* Debug */ = {
			isa = XCBuildConfiguration;
			buildSettings = {
				CLANG_ANALYZER_NUMBER_OBJECT_CONVERSION = YES_AGGRESSIVE;
				CLANG_CXX_LANGUAGE_STANDARD = "gnu++14";
				CLANG_ENABLE_OBJC_WEAK = YES;
				CLANG_WARN_DOCUMENTATION_COMMENTS = YES;
				CLANG_WARN_UNGUARDED_AVAILABILITY = YES_AGGRESSIVE;
				CODE_SIGN_IDENTITY = "iPhone Developer";
				CODE_SIGN_STYLE = Automatic;
				DEVELOPMENT_TEAM = G7GBP4WKQU;
				GCC_C_LANGUAGE_STANDARD = gnu11;
				INFOPLIST_FILE = CountOnMeUITests/Info.plist;
				IPHONEOS_DEPLOYMENT_TARGET = 12.1;
				LD_RUNPATH_SEARCH_PATHS = "$(inherited) @executable_path/Frameworks @loader_path/Frameworks";
				MTL_ENABLE_DEBUG_INFO = INCLUDE_SOURCE;
				MTL_FAST_MATH = YES;
				PRODUCT_BUNDLE_IDENTIFIER = fr.deslandesjeanbaptiste.CountOnMeUITests;
				PRODUCT_NAME = "$(TARGET_NAME)";
				SWIFT_ACTIVE_COMPILATION_CONDITIONS = DEBUG;
				SWIFT_VERSION = 4.2;
				TARGETED_DEVICE_FAMILY = "1,2";
				TEST_TARGET_NAME = CountOnMe;
			};
			name = Debug;
		};
		B30A791B220236B000D62ACD /* Release */ = {
			isa = XCBuildConfiguration;
			buildSettings = {
				CLANG_ANALYZER_NUMBER_OBJECT_CONVERSION = YES_AGGRESSIVE;
				CLANG_CXX_LANGUAGE_STANDARD = "gnu++14";
				CLANG_ENABLE_OBJC_WEAK = YES;
				CLANG_WARN_DOCUMENTATION_COMMENTS = YES;
				CLANG_WARN_UNGUARDED_AVAILABILITY = YES_AGGRESSIVE;
				CODE_SIGN_IDENTITY = "iPhone Developer";
				CODE_SIGN_STYLE = Automatic;
				DEVELOPMENT_TEAM = G7GBP4WKQU;
				GCC_C_LANGUAGE_STANDARD = gnu11;
				INFOPLIST_FILE = CountOnMeUITests/Info.plist;
				IPHONEOS_DEPLOYMENT_TARGET = 12.1;
				LD_RUNPATH_SEARCH_PATHS = "$(inherited) @executable_path/Frameworks @loader_path/Frameworks";
				MTL_FAST_MATH = YES;
				PRODUCT_BUNDLE_IDENTIFIER = fr.deslandesjeanbaptiste.CountOnMeUITests;
				PRODUCT_NAME = "$(TARGET_NAME)";
				SWIFT_VERSION = 4.2;
				TARGETED_DEVICE_FAMILY = "1,2";
				TEST_TARGET_NAME = CountOnMe;
			};
			name = Release;
		};
		C926DAFF1D7581BB00477020 /* Debug */ = {
			isa = XCBuildConfiguration;
			buildSettings = {
				ALWAYS_SEARCH_USER_PATHS = NO;
				CLANG_ANALYZER_NONNULL = YES;
				CLANG_CXX_LANGUAGE_STANDARD = "gnu++0x";
				CLANG_CXX_LIBRARY = "libc++";
				CLANG_ENABLE_MODULES = YES;
				CLANG_ENABLE_OBJC_ARC = YES;
				CLANG_WARN_BLOCK_CAPTURE_AUTORELEASING = YES;
				CLANG_WARN_BOOL_CONVERSION = YES;
				CLANG_WARN_COMMA = YES;
				CLANG_WARN_CONSTANT_CONVERSION = YES;
				CLANG_WARN_DEPRECATED_OBJC_IMPLEMENTATIONS = YES;
				CLANG_WARN_DIRECT_OBJC_ISA_USAGE = YES_ERROR;
				CLANG_WARN_EMPTY_BODY = YES;
				CLANG_WARN_ENUM_CONVERSION = YES;
				CLANG_WARN_INFINITE_RECURSION = YES;
				CLANG_WARN_INT_CONVERSION = YES;
				CLANG_WARN_NON_LITERAL_NULL_CONVERSION = YES;
				CLANG_WARN_OBJC_IMPLICIT_RETAIN_SELF = YES;
				CLANG_WARN_OBJC_LITERAL_CONVERSION = YES;
				CLANG_WARN_OBJC_ROOT_CLASS = YES_ERROR;
				CLANG_WARN_RANGE_LOOP_ANALYSIS = YES;
				CLANG_WARN_STRICT_PROTOTYPES = YES;
				CLANG_WARN_SUSPICIOUS_MOVE = YES;
				CLANG_WARN_UNREACHABLE_CODE = YES;
				CLANG_WARN__DUPLICATE_METHOD_MATCH = YES;
				"CODE_SIGN_IDENTITY[sdk=iphoneos*]" = "iPhone Developer";
				COPY_PHASE_STRIP = NO;
				DEBUG_INFORMATION_FORMAT = dwarf;
				ENABLE_STRICT_OBJC_MSGSEND = YES;
				ENABLE_TESTABILITY = YES;
				GCC_C_LANGUAGE_STANDARD = gnu99;
				GCC_DYNAMIC_NO_PIC = NO;
				GCC_NO_COMMON_BLOCKS = YES;
				GCC_OPTIMIZATION_LEVEL = 0;
				GCC_PREPROCESSOR_DEFINITIONS = (
					"DEBUG=1",
					"$(inherited)",
				);
				GCC_WARN_64_TO_32_BIT_CONVERSION = YES;
				GCC_WARN_ABOUT_RETURN_TYPE = YES_ERROR;
				GCC_WARN_UNDECLARED_SELECTOR = YES;
				GCC_WARN_UNINITIALIZED_AUTOS = YES_AGGRESSIVE;
				GCC_WARN_UNUSED_FUNCTION = YES;
				GCC_WARN_UNUSED_VARIABLE = YES;
				IPHONEOS_DEPLOYMENT_TARGET = 9.3;
				MTL_ENABLE_DEBUG_INFO = YES;
				ONLY_ACTIVE_ARCH = YES;
				SDKROOT = iphoneos;
				SWIFT_OPTIMIZATION_LEVEL = "-Onone";
				TARGETED_DEVICE_FAMILY = "1,2";
			};
			name = Debug;
		};
		C926DB001D7581BB00477020 /* Release */ = {
			isa = XCBuildConfiguration;
			buildSettings = {
				ALWAYS_SEARCH_USER_PATHS = NO;
				CLANG_ANALYZER_NONNULL = YES;
				CLANG_CXX_LANGUAGE_STANDARD = "gnu++0x";
				CLANG_CXX_LIBRARY = "libc++";
				CLANG_ENABLE_MODULES = YES;
				CLANG_ENABLE_OBJC_ARC = YES;
				CLANG_WARN_BLOCK_CAPTURE_AUTORELEASING = YES;
				CLANG_WARN_BOOL_CONVERSION = YES;
				CLANG_WARN_COMMA = YES;
				CLANG_WARN_CONSTANT_CONVERSION = YES;
				CLANG_WARN_DEPRECATED_OBJC_IMPLEMENTATIONS = YES;
				CLANG_WARN_DIRECT_OBJC_ISA_USAGE = YES_ERROR;
				CLANG_WARN_EMPTY_BODY = YES;
				CLANG_WARN_ENUM_CONVERSION = YES;
				CLANG_WARN_INFINITE_RECURSION = YES;
				CLANG_WARN_INT_CONVERSION = YES;
				CLANG_WARN_NON_LITERAL_NULL_CONVERSION = YES;
				CLANG_WARN_OBJC_IMPLICIT_RETAIN_SELF = YES;
				CLANG_WARN_OBJC_LITERAL_CONVERSION = YES;
				CLANG_WARN_OBJC_ROOT_CLASS = YES_ERROR;
				CLANG_WARN_RANGE_LOOP_ANALYSIS = YES;
				CLANG_WARN_STRICT_PROTOTYPES = YES;
				CLANG_WARN_SUSPICIOUS_MOVE = YES;
				CLANG_WARN_UNREACHABLE_CODE = YES;
				CLANG_WARN__DUPLICATE_METHOD_MATCH = YES;
				"CODE_SIGN_IDENTITY[sdk=iphoneos*]" = "iPhone Developer";
				COPY_PHASE_STRIP = NO;
				DEBUG_INFORMATION_FORMAT = "dwarf-with-dsym";
				ENABLE_NS_ASSERTIONS = NO;
				ENABLE_STRICT_OBJC_MSGSEND = YES;
				GCC_C_LANGUAGE_STANDARD = gnu99;
				GCC_NO_COMMON_BLOCKS = YES;
				GCC_WARN_64_TO_32_BIT_CONVERSION = YES;
				GCC_WARN_ABOUT_RETURN_TYPE = YES_ERROR;
				GCC_WARN_UNDECLARED_SELECTOR = YES;
				GCC_WARN_UNINITIALIZED_AUTOS = YES_AGGRESSIVE;
				GCC_WARN_UNUSED_FUNCTION = YES;
				GCC_WARN_UNUSED_VARIABLE = YES;
				IPHONEOS_DEPLOYMENT_TARGET = 9.3;
				MTL_ENABLE_DEBUG_INFO = NO;
				SDKROOT = iphoneos;
				SWIFT_OPTIMIZATION_LEVEL = "-Owholemodule";
				TARGETED_DEVICE_FAMILY = "1,2";
				VALIDATE_PRODUCT = YES;
			};
			name = Release;
		};
		C926DB021D7581BB00477020 /* Debug */ = {
			isa = XCBuildConfiguration;
			buildSettings = {
				ASSETCATALOG_COMPILER_APPICON_NAME = AppIcon;
				CODE_SIGN_IDENTITY = "iPhone Developer";
				CODE_SIGN_STYLE = Automatic;
				DEVELOPMENT_TEAM = G7GBP4WKQU;
				INFOPLIST_FILE = "$(SRCROOT)/Supporting files/Info.plist";
				LD_RUNPATH_SEARCH_PATHS = "$(inherited) @executable_path/Frameworks";
				PRODUCT_BUNDLE_IDENTIFIER = com.ambroisecollon.CountOnMe;
				PRODUCT_NAME = "$(TARGET_NAME)";
				PROVISIONING_PROFILE_SPECIFIER = "";
				SWIFT_SWIFT3_OBJC_INFERENCE = On;
				SWIFT_VERSION = 4.2;
				TARGETED_DEVICE_FAMILY = 1;
			};
			name = Debug;
		};
		C926DB031D7581BB00477020 /* Release */ = {
			isa = XCBuildConfiguration;
			buildSettings = {
				ASSETCATALOG_COMPILER_APPICON_NAME = AppIcon;
				CODE_SIGN_IDENTITY = "iPhone Developer";
				CODE_SIGN_STYLE = Automatic;
				DEVELOPMENT_TEAM = G7GBP4WKQU;
				INFOPLIST_FILE = "$(SRCROOT)/Supporting files/Info.plist";
				LD_RUNPATH_SEARCH_PATHS = "$(inherited) @executable_path/Frameworks";
				PRODUCT_BUNDLE_IDENTIFIER = com.ambroisecollon.CountOnMe;
				PRODUCT_NAME = "$(TARGET_NAME)";
				PROVISIONING_PROFILE_SPECIFIER = "";
				SWIFT_SWIFT3_OBJC_INFERENCE = On;
				SWIFT_VERSION = 4.2;
				TARGETED_DEVICE_FAMILY = 1;
			};
			name = Release;
		};
/* End XCBuildConfiguration section */

/* Begin XCConfigurationList section */
		B30A78F421FF198A00D62ACD /* Build configuration list for PBXNativeTarget "CountOnMeTests" */ = {
			isa = XCConfigurationList;
			buildConfigurations = (
				B30A78F521FF198A00D62ACD /* Debug */,
				B30A78F621FF198A00D62ACD /* Release */,
			);
			defaultConfigurationIsVisible = 0;
			defaultConfigurationName = Release;
		};
		B30A7919220236B000D62ACD /* Build configuration list for PBXNativeTarget "CountOnMeUITests" */ = {
			isa = XCConfigurationList;
			buildConfigurations = (
				B30A791A220236B000D62ACD /* Debug */,
				B30A791B220236B000D62ACD /* Release */,
			);
			defaultConfigurationIsVisible = 0;
			defaultConfigurationName = Release;
		};
		C926DAD41D7581BB00477020 /* Build configuration list for PBXProject "CountOnMe" */ = {
			isa = XCConfigurationList;
			buildConfigurations = (
				C926DAFF1D7581BB00477020 /* Debug */,
				C926DB001D7581BB00477020 /* Release */,
			);
			defaultConfigurationIsVisible = 0;
			defaultConfigurationName = Release;
		};
		C926DB011D7581BB00477020 /* Build configuration list for PBXNativeTarget "CountOnMe" */ = {
			isa = XCConfigurationList;
			buildConfigurations = (
				C926DB021D7581BB00477020 /* Debug */,
				C926DB031D7581BB00477020 /* Release */,
			);
			defaultConfigurationIsVisible = 0;
			defaultConfigurationName = Release;
		};
/* End XCConfigurationList section */
	};
	rootObject = C926DAD11D7581BB00477020 /* Project object */;
}
